
Microsoft Visual Studio Solution File, Format Version 12.00
# Visual Studio Version 17
VisualStudioVersion = 17.0.31903.59
MinimumVisualStudioVersion = 10.0.40219.1
Project("{2150E333-8FDC-42A3-9474-1A3956D46DE8}") = "src", "src", "{401E8BD4-C7D7-48F2-8899-EA9859247BD7}"
EndProject
Project("{FAE04EC0-301F-11D3-BF4B-00C04F79EFBC}") = "LeanCode.LeanPipe", "src\LeanCode.LeanPipe\LeanCode.LeanPipe.csproj", "{75B2B837-B392-4DC1-8CF7-C1B2C4E03312}"
EndProject
Project("{FAE04EC0-301F-11D3-BF4B-00C04F79EFBC}") = "LeanPipe.Contracts", "src\LeanPipe.Contracts\LeanPipe.Contracts.csproj", "{0D1F5BEC-A2E2-4DE6-897E-E6E2DD5A9A0C}"
EndProject
Project("{FAE04EC0-301F-11D3-BF4B-00C04F79EFBC}") = "LeanPipe.Example", "src\LeanPipe.Example\LeanPipe.Example.csproj", "{B51A4663-6325-45F8-AFD3-9BD9776C14DF}"
EndProject
Global
	GlobalSection(SolutionConfigurationPlatforms) = preSolution
		Debug|Any CPU = Debug|Any CPU
		Release|Any CPU = Release|Any CPU
	EndGlobalSection
	GlobalSection(SolutionProperties) = preSolution
		HideSolutionNode = FALSE
	EndGlobalSection
	GlobalSection(ProjectConfigurationPlatforms) = postSolution
		{75B2B837-B392-4DC1-8CF7-C1B2C4E03312}.Debug|Any CPU.ActiveCfg = Debug|Any CPU
		{75B2B837-B392-4DC1-8CF7-C1B2C4E03312}.Debug|Any CPU.Build.0 = Debug|Any CPU
		{75B2B837-B392-4DC1-8CF7-C1B2C4E03312}.Release|Any CPU.ActiveCfg = Release|Any CPU
		{75B2B837-B392-4DC1-8CF7-C1B2C4E03312}.Release|Any CPU.Build.0 = Release|Any CPU
		{0D1F5BEC-A2E2-4DE6-897E-E6E2DD5A9A0C}.Debug|Any CPU.ActiveCfg = Debug|Any CPU
		{0D1F5BEC-A2E2-4DE6-897E-E6E2DD5A9A0C}.Debug|Any CPU.Build.0 = Debug|Any CPU
		{0D1F5BEC-A2E2-4DE6-897E-E6E2DD5A9A0C}.Release|Any CPU.ActiveCfg = Release|Any CPU
		{0D1F5BEC-A2E2-4DE6-897E-E6E2DD5A9A0C}.Release|Any CPU.Build.0 = Release|Any CPU
		{B51A4663-6325-45F8-AFD3-9BD9776C14DF}.Debug|Any CPU.ActiveCfg = Debug|Any CPU
		{B51A4663-6325-45F8-AFD3-9BD9776C14DF}.Debug|Any CPU.Build.0 = Debug|Any CPU
		{B51A4663-6325-45F8-AFD3-9BD9776C14DF}.Release|Any CPU.ActiveCfg = Release|Any CPU
		{B51A4663-6325-45F8-AFD3-9BD9776C14DF}.Release|Any CPU.Build.0 = Release|Any CPU
	EndGlobalSection
	GlobalSection(NestedProjects) = preSolution
		{75B2B837-B392-4DC1-8CF7-C1B2C4E03312} = {401E8BD4-C7D7-48F2-8899-EA9859247BD7}
		{0D1F5BEC-A2E2-4DE6-897E-E6E2DD5A9A0C} = {401E8BD4-C7D7-48F2-8899-EA9859247BD7}
		{B51A4663-6325-45F8-AFD3-9BD9776C14DF} = {401E8BD4-C7D7-48F2-8899-EA9859247BD7}
	EndGlobalSection
EndGlobal
