
Microsoft Visual Studio Solution File, Format Version 12.00
# Visual Studio Version 17
VisualStudioVersion = 17.0.31903.59
MinimumVisualStudioVersion = 10.0.40219.1
Project("{2150E333-8FDC-42A3-9474-1A3956D46DE8}") = "src", "src", "{401E8BD4-C7D7-48F2-8899-EA9859247BD7}"
EndProject
Project("{FAE04EC0-301F-11D3-BF4B-00C04F79EFBC}") = "LeanPipe", "src\LeanPipe\LeanPipe.csproj", "{75B2B837-B392-4DC1-8CF7-C1B2C4E03312}"
EndProject
Project("{FAE04EC0-301F-11D3-BF4B-00C04F79EFBC}") = "LeanPipe.Tests.Additional", "src\LeanPipe.Tests.Additional\LeanPipe.Tests.Additional.csproj", "{57AA062F-10C2-44FA-A8D5-F1CB01BB87B4}"
EndProject
Project("{FAE04EC0-301F-11D3-BF4B-00C04F79EFBC}") = "LeanPipe.Tests", "src\LeanPipe.Tests\LeanPipe.Tests.csproj", "{73A5F60C-0959-4E33-833A-EB1EAB5741F7}"
EndProject
Global
	GlobalSection(SolutionConfigurationPlatforms) = preSolution
		Debug|Any CPU = Debug|Any CPU
		Release|Any CPU = Release|Any CPU
	EndGlobalSection
	GlobalSection(SolutionProperties) = preSolution
		HideSolutionNode = FALSE
	EndGlobalSection
	GlobalSection(ProjectConfigurationPlatforms) = postSolution
		{75B2B837-B392-4DC1-8CF7-C1B2C4E03312}.Debug|Any CPU.ActiveCfg = Debug|Any CPU
		{75B2B837-B392-4DC1-8CF7-C1B2C4E03312}.Debug|Any CPU.Build.0 = Debug|Any CPU
		{75B2B837-B392-4DC1-8CF7-C1B2C4E03312}.Release|Any CPU.ActiveCfg = Release|Any CPU
		{75B2B837-B392-4DC1-8CF7-C1B2C4E03312}.Release|Any CPU.Build.0 = Release|Any CPU
		{57AA062F-10C2-44FA-A8D5-F1CB01BB87B4}.Debug|Any CPU.ActiveCfg = Debug|Any CPU
		{57AA062F-10C2-44FA-A8D5-F1CB01BB87B4}.Debug|Any CPU.Build.0 = Debug|Any CPU
		{57AA062F-10C2-44FA-A8D5-F1CB01BB87B4}.Release|Any CPU.ActiveCfg = Release|Any CPU
		{57AA062F-10C2-44FA-A8D5-F1CB01BB87B4}.Release|Any CPU.Build.0 = Release|Any CPU
		{73A5F60C-0959-4E33-833A-EB1EAB5741F7}.Debug|Any CPU.ActiveCfg = Debug|Any CPU
		{73A5F60C-0959-4E33-833A-EB1EAB5741F7}.Debug|Any CPU.Build.0 = Debug|Any CPU
		{73A5F60C-0959-4E33-833A-EB1EAB5741F7}.Release|Any CPU.ActiveCfg = Release|Any CPU
		{73A5F60C-0959-4E33-833A-EB1EAB5741F7}.Release|Any CPU.Build.0 = Release|Any CPU
	EndGlobalSection
	GlobalSection(NestedProjects) = preSolution
		{75B2B837-B392-4DC1-8CF7-C1B2C4E03312} = {401E8BD4-C7D7-48F2-8899-EA9859247BD7}
		{57AA062F-10C2-44FA-A8D5-F1CB01BB87B4} = {401E8BD4-C7D7-48F2-8899-EA9859247BD7}
		{73A5F60C-0959-4E33-833A-EB1EAB5741F7} = {401E8BD4-C7D7-48F2-8899-EA9859247BD7}
	EndGlobalSection
EndGlobal
