
Microsoft Visual Studio Solution File, Format Version 12.00
# Visual Studio Version 17
VisualStudioVersion = 17.0.31903.59
MinimumVisualStudioVersion = 10.0.40219.1
Project("{2150E333-8FDC-42A3-9474-1A3956D46DE8}") = "src", "src", "{401E8BD4-C7D7-48F2-8899-EA9859247BD7}"
EndProject
Project("{FAE04EC0-301F-11D3-BF4B-00C04F79EFBC}") = "LeanCode.Pipe", "src\LeanCode.Pipe\LeanCode.Pipe.csproj", "{75B2B837-B392-4DC1-8CF7-C1B2C4E03312}"
EndProject
Project("{2150E333-8FDC-42A3-9474-1A3956D46DE8}") = "test", "test", "{CBE053F8-6853-4FFC-A931-84A210C5FF2C}"
EndProject
Project("{FAE04EC0-301F-11D3-BF4B-00C04F79EFBC}") = "LeanCode.Pipe.Tests", "test\LeanCode.Pipe.Tests\LeanCode.Pipe.Tests.csproj", "{898B0F90-3D05-4372-88F8-BB0B863D2970}"
EndProject
Project("{FAE04EC0-301F-11D3-BF4B-00C04F79EFBC}") = "LeanCode.Pipe.Tests.Additional", "test\LeanCode.Pipe.Tests.Additional\LeanCode.Pipe.Tests.Additional.csproj", "{D365AF42-33A5-4FB3-96DB-692F2417C458}"
EndProject
Project("{FAE04EC0-301F-11D3-BF4B-00C04F79EFBC}") = "LeanCode.Pipe.TestClient", "src\LeanCode.Pipe.TestClient\LeanCode.Pipe.TestClient.csproj", "{F1830D31-AA1D-409B-B78E-FC2BB88B7DF8}"
EndProject
Project("{FAE04EC0-301F-11D3-BF4B-00C04F79EFBC}") = "LeanCode.Pipe.TestClient.Tests", "test\LeanCode.Pipe.TestClient.Tests\LeanCode.Pipe.TestClient.Tests.csproj", "{38F1AA50-B16E-47A7-925A-AB574E9120FF}"
EndProject
Project("{FAE04EC0-301F-11D3-BF4B-00C04F79EFBC}") = "LeanCode.Pipe.IntegrationTests", "test\LeanCode.Pipe.IntegrationTests\LeanCode.Pipe.IntegrationTests.csproj", "{05F2BDCE-B093-4D4A-BC36-B7F6F12103AC}"
EndProject
Project("{FAE04EC0-301F-11D3-BF4B-00C04F79EFBC}") = "LeanCode.Pipe.Funnel.TestApp1", "test\LeanCode.Pipe.Funnel.TestApp1\LeanCode.Pipe.Funnel.TestApp1.csproj", "{A95EBB5F-D7CD-48D4-9624-F43A486D0D68}"
EndProject
Project("{FAE04EC0-301F-11D3-BF4B-00C04F79EFBC}") = "LeanCode.Pipe.Funnel.TestAppFunnel", "test\LeanCode.Pipe.Funnel.TestAppFunnel\LeanCode.Pipe.Funnel.TestAppFunnel.csproj", "{6D361069-9CD4-44DA-914A-80A62458B04F}"
EndProject
Project("{2150E333-8FDC-42A3-9474-1A3956D46DE8}") = "funnel_msvc", "funnel_msvc", "{2A218F39-75C1-4EE1-8614-D67AB30574F0}"
EndProject
Project("{FAE04EC0-301F-11D3-BF4B-00C04F79EFBC}") = "LeanCode.Pipe.Funnel.ScaledTargetServiceTests", "test\LeanCode.Pipe.Funnel.ScaledTargetServiceTests\LeanCode.Pipe.Funnel.ScaledTargetServiceTests.csproj", "{531D5FD5-9C72-4F24-B9E7-E53CFBF20B57}"
EndProject
Project("{FAE04EC0-301F-11D3-BF4B-00C04F79EFBC}") = "LeanCode.Pipe.Funnel.TestApp2", "test\LeanCode.Pipe.Funnel.TestApp2\LeanCode.Pipe.Funnel.TestApp2.csproj", "{66FEF33B-4FCB-41BC-B81F-DE20C02F95DB}"
EndProject
Project("{FAE04EC0-301F-11D3-BF4B-00C04F79EFBC}") = "LeanCode.Pipe.Funnel.MultipleServicesTests", "test\LeanCode.Pipe.Funnel.MultipleServicesTests\LeanCode.Pipe.Funnel.MultipleServicesTests.csproj", "{B77F5B9B-2FF6-4A86-88B9-9C3BF9FF6427}"
EndProject
Project("{FAE04EC0-301F-11D3-BF4B-00C04F79EFBC}") = "LeanCode.Pipe.Funnel.ScaledFunnelTests", "test\LeanCode.Pipe.Funnel.ScaledFunnelTests\LeanCode.Pipe.Funnel.ScaledFunnelTests.csproj", "{8EF7A9C2-B6A0-422A-90B5-76CB2852225D}"
EndProject
Project("{FAE04EC0-301F-11D3-BF4B-00C04F79EFBC}") = "LeanCode.Pipe.Funnel.NoScalingTests", "test\LeanCode.Pipe.Funnel.NoScalingTests\LeanCode.Pipe.Funnel.NoScalingTests.csproj", "{1F89EB12-9052-46D8-A72E-2BA6E030D3BD}"
EndProject
Project("{FAE04EC0-301F-11D3-BF4B-00C04F79EFBC}") = "LeanCode.Pipe.ClientIntegrationTestsApp", "test\LeanCode.Pipe.ClientIntegrationTestsApp\LeanCode.Pipe.ClientIntegrationTestsApp.csproj", "{AB12D1BD-26B1-406D-B741-74E2343B79B9}"
EndProject
Project("{FAE04EC0-301F-11D3-BF4B-00C04F79EFBC}") = "LeanCode.Pipe.ClientIntegrationTestsApp.Contracts", "test\LeanCode.Pipe.ClientIntegrationTestsApp.Contracts\LeanCode.Pipe.ClientIntegrationTestsApp.Contracts.csproj", "{94F12CA3-D544-4127-9C63-764AA4A29118}"
EndProject
Project("{FAE04EC0-301F-11D3-BF4B-00C04F79EFBC}") = "LeanCode.Pipe.Funnel.Instance", "src\LeanCode.Pipe.Funnel\Instance\LeanCode.Pipe.Funnel.Instance.csproj", "{F5E28637-9457-4B1D-9FED-F03A335804EA}"
EndProject
Project("{FAE04EC0-301F-11D3-BF4B-00C04F79EFBC}") = "LeanCode.Pipe.Funnel.Publishing", "src\LeanCode.Pipe.Funnel\Publishing\LeanCode.Pipe.Funnel.Publishing.csproj", "{C5444BD7-FE5F-4D4D-AD44-01817AF31822}"
EndProject
Project("{FAE04EC0-301F-11D3-BF4B-00C04F79EFBC}") = "LeanCode.Pipe.Funnel.Core", "src\LeanCode.Pipe.Funnel\Core\LeanCode.Pipe.Funnel.Core.csproj", "{98C86F53-F0F9-447B-AE47-C7EB5DF5BE24}"
EndProject
Global
	GlobalSection(SolutionConfigurationPlatforms) = preSolution
		Debug|Any CPU = Debug|Any CPU
		Debug|x64 = Debug|x64
		Debug|x86 = Debug|x86
		Release|Any CPU = Release|Any CPU
		Release|x64 = Release|x64
		Release|x86 = Release|x86
	EndGlobalSection
	GlobalSection(ProjectConfigurationPlatforms) = postSolution
		{75B2B837-B392-4DC1-8CF7-C1B2C4E03312}.Debug|Any CPU.ActiveCfg = Debug|Any CPU
		{75B2B837-B392-4DC1-8CF7-C1B2C4E03312}.Debug|Any CPU.Build.0 = Debug|Any CPU
		{75B2B837-B392-4DC1-8CF7-C1B2C4E03312}.Debug|x64.ActiveCfg = Debug|Any CPU
		{75B2B837-B392-4DC1-8CF7-C1B2C4E03312}.Debug|x64.Build.0 = Debug|Any CPU
		{75B2B837-B392-4DC1-8CF7-C1B2C4E03312}.Debug|x86.ActiveCfg = Debug|Any CPU
		{75B2B837-B392-4DC1-8CF7-C1B2C4E03312}.Debug|x86.Build.0 = Debug|Any CPU
		{75B2B837-B392-4DC1-8CF7-C1B2C4E03312}.Release|Any CPU.ActiveCfg = Release|Any CPU
		{75B2B837-B392-4DC1-8CF7-C1B2C4E03312}.Release|Any CPU.Build.0 = Release|Any CPU
		{75B2B837-B392-4DC1-8CF7-C1B2C4E03312}.Release|x64.ActiveCfg = Release|Any CPU
		{75B2B837-B392-4DC1-8CF7-C1B2C4E03312}.Release|x64.Build.0 = Release|Any CPU
		{75B2B837-B392-4DC1-8CF7-C1B2C4E03312}.Release|x86.ActiveCfg = Release|Any CPU
		{75B2B837-B392-4DC1-8CF7-C1B2C4E03312}.Release|x86.Build.0 = Release|Any CPU
		{898B0F90-3D05-4372-88F8-BB0B863D2970}.Debug|Any CPU.ActiveCfg = Debug|Any CPU
		{898B0F90-3D05-4372-88F8-BB0B863D2970}.Debug|Any CPU.Build.0 = Debug|Any CPU
		{898B0F90-3D05-4372-88F8-BB0B863D2970}.Debug|x64.ActiveCfg = Debug|Any CPU
		{898B0F90-3D05-4372-88F8-BB0B863D2970}.Debug|x64.Build.0 = Debug|Any CPU
		{898B0F90-3D05-4372-88F8-BB0B863D2970}.Debug|x86.ActiveCfg = Debug|Any CPU
		{898B0F90-3D05-4372-88F8-BB0B863D2970}.Debug|x86.Build.0 = Debug|Any CPU
		{898B0F90-3D05-4372-88F8-BB0B863D2970}.Release|Any CPU.ActiveCfg = Release|Any CPU
		{898B0F90-3D05-4372-88F8-BB0B863D2970}.Release|Any CPU.Build.0 = Release|Any CPU
		{898B0F90-3D05-4372-88F8-BB0B863D2970}.Release|x64.ActiveCfg = Release|Any CPU
		{898B0F90-3D05-4372-88F8-BB0B863D2970}.Release|x64.Build.0 = Release|Any CPU
		{898B0F90-3D05-4372-88F8-BB0B863D2970}.Release|x86.ActiveCfg = Release|Any CPU
		{898B0F90-3D05-4372-88F8-BB0B863D2970}.Release|x86.Build.0 = Release|Any CPU
		{D365AF42-33A5-4FB3-96DB-692F2417C458}.Debug|Any CPU.ActiveCfg = Debug|Any CPU
		{D365AF42-33A5-4FB3-96DB-692F2417C458}.Debug|Any CPU.Build.0 = Debug|Any CPU
		{D365AF42-33A5-4FB3-96DB-692F2417C458}.Debug|x64.ActiveCfg = Debug|Any CPU
		{D365AF42-33A5-4FB3-96DB-692F2417C458}.Debug|x64.Build.0 = Debug|Any CPU
		{D365AF42-33A5-4FB3-96DB-692F2417C458}.Debug|x86.ActiveCfg = Debug|Any CPU
		{D365AF42-33A5-4FB3-96DB-692F2417C458}.Debug|x86.Build.0 = Debug|Any CPU
		{D365AF42-33A5-4FB3-96DB-692F2417C458}.Release|Any CPU.ActiveCfg = Release|Any CPU
		{D365AF42-33A5-4FB3-96DB-692F2417C458}.Release|Any CPU.Build.0 = Release|Any CPU
		{D365AF42-33A5-4FB3-96DB-692F2417C458}.Release|x64.ActiveCfg = Release|Any CPU
		{D365AF42-33A5-4FB3-96DB-692F2417C458}.Release|x64.Build.0 = Release|Any CPU
		{D365AF42-33A5-4FB3-96DB-692F2417C458}.Release|x86.ActiveCfg = Release|Any CPU
		{D365AF42-33A5-4FB3-96DB-692F2417C458}.Release|x86.Build.0 = Release|Any CPU
		{F1830D31-AA1D-409B-B78E-FC2BB88B7DF8}.Debug|Any CPU.ActiveCfg = Debug|Any CPU
		{F1830D31-AA1D-409B-B78E-FC2BB88B7DF8}.Debug|Any CPU.Build.0 = Debug|Any CPU
		{F1830D31-AA1D-409B-B78E-FC2BB88B7DF8}.Debug|x64.ActiveCfg = Debug|Any CPU
		{F1830D31-AA1D-409B-B78E-FC2BB88B7DF8}.Debug|x64.Build.0 = Debug|Any CPU
		{F1830D31-AA1D-409B-B78E-FC2BB88B7DF8}.Debug|x86.ActiveCfg = Debug|Any CPU
		{F1830D31-AA1D-409B-B78E-FC2BB88B7DF8}.Debug|x86.Build.0 = Debug|Any CPU
		{F1830D31-AA1D-409B-B78E-FC2BB88B7DF8}.Release|Any CPU.ActiveCfg = Release|Any CPU
		{F1830D31-AA1D-409B-B78E-FC2BB88B7DF8}.Release|Any CPU.Build.0 = Release|Any CPU
		{F1830D31-AA1D-409B-B78E-FC2BB88B7DF8}.Release|x64.ActiveCfg = Release|Any CPU
		{F1830D31-AA1D-409B-B78E-FC2BB88B7DF8}.Release|x64.Build.0 = Release|Any CPU
		{F1830D31-AA1D-409B-B78E-FC2BB88B7DF8}.Release|x86.ActiveCfg = Release|Any CPU
		{F1830D31-AA1D-409B-B78E-FC2BB88B7DF8}.Release|x86.Build.0 = Release|Any CPU
		{38F1AA50-B16E-47A7-925A-AB574E9120FF}.Debug|Any CPU.ActiveCfg = Debug|Any CPU
		{38F1AA50-B16E-47A7-925A-AB574E9120FF}.Debug|Any CPU.Build.0 = Debug|Any CPU
		{38F1AA50-B16E-47A7-925A-AB574E9120FF}.Debug|x64.ActiveCfg = Debug|Any CPU
		{38F1AA50-B16E-47A7-925A-AB574E9120FF}.Debug|x64.Build.0 = Debug|Any CPU
		{38F1AA50-B16E-47A7-925A-AB574E9120FF}.Debug|x86.ActiveCfg = Debug|Any CPU
		{38F1AA50-B16E-47A7-925A-AB574E9120FF}.Debug|x86.Build.0 = Debug|Any CPU
		{38F1AA50-B16E-47A7-925A-AB574E9120FF}.Release|Any CPU.ActiveCfg = Release|Any CPU
		{38F1AA50-B16E-47A7-925A-AB574E9120FF}.Release|Any CPU.Build.0 = Release|Any CPU
		{38F1AA50-B16E-47A7-925A-AB574E9120FF}.Release|x64.ActiveCfg = Release|Any CPU
		{38F1AA50-B16E-47A7-925A-AB574E9120FF}.Release|x64.Build.0 = Release|Any CPU
		{38F1AA50-B16E-47A7-925A-AB574E9120FF}.Release|x86.ActiveCfg = Release|Any CPU
		{38F1AA50-B16E-47A7-925A-AB574E9120FF}.Release|x86.Build.0 = Release|Any CPU
		{05F2BDCE-B093-4D4A-BC36-B7F6F12103AC}.Debug|Any CPU.ActiveCfg = Debug|Any CPU
		{05F2BDCE-B093-4D4A-BC36-B7F6F12103AC}.Debug|Any CPU.Build.0 = Debug|Any CPU
		{05F2BDCE-B093-4D4A-BC36-B7F6F12103AC}.Debug|x64.ActiveCfg = Debug|Any CPU
		{05F2BDCE-B093-4D4A-BC36-B7F6F12103AC}.Debug|x64.Build.0 = Debug|Any CPU
		{05F2BDCE-B093-4D4A-BC36-B7F6F12103AC}.Debug|x86.ActiveCfg = Debug|Any CPU
		{05F2BDCE-B093-4D4A-BC36-B7F6F12103AC}.Debug|x86.Build.0 = Debug|Any CPU
		{05F2BDCE-B093-4D4A-BC36-B7F6F12103AC}.Release|Any CPU.ActiveCfg = Release|Any CPU
		{05F2BDCE-B093-4D4A-BC36-B7F6F12103AC}.Release|Any CPU.Build.0 = Release|Any CPU
		{05F2BDCE-B093-4D4A-BC36-B7F6F12103AC}.Release|x64.ActiveCfg = Release|Any CPU
		{05F2BDCE-B093-4D4A-BC36-B7F6F12103AC}.Release|x64.Build.0 = Release|Any CPU
		{05F2BDCE-B093-4D4A-BC36-B7F6F12103AC}.Release|x86.ActiveCfg = Release|Any CPU
		{05F2BDCE-B093-4D4A-BC36-B7F6F12103AC}.Release|x86.Build.0 = Release|Any CPU
		{A95EBB5F-D7CD-48D4-9624-F43A486D0D68}.Debug|Any CPU.ActiveCfg = Debug|Any CPU
		{A95EBB5F-D7CD-48D4-9624-F43A486D0D68}.Debug|Any CPU.Build.0 = Debug|Any CPU
		{A95EBB5F-D7CD-48D4-9624-F43A486D0D68}.Debug|x64.ActiveCfg = Debug|Any CPU
		{A95EBB5F-D7CD-48D4-9624-F43A486D0D68}.Debug|x64.Build.0 = Debug|Any CPU
		{A95EBB5F-D7CD-48D4-9624-F43A486D0D68}.Debug|x86.ActiveCfg = Debug|Any CPU
		{A95EBB5F-D7CD-48D4-9624-F43A486D0D68}.Debug|x86.Build.0 = Debug|Any CPU
		{A95EBB5F-D7CD-48D4-9624-F43A486D0D68}.Release|Any CPU.ActiveCfg = Release|Any CPU
		{A95EBB5F-D7CD-48D4-9624-F43A486D0D68}.Release|Any CPU.Build.0 = Release|Any CPU
		{A95EBB5F-D7CD-48D4-9624-F43A486D0D68}.Release|x64.ActiveCfg = Release|Any CPU
		{A95EBB5F-D7CD-48D4-9624-F43A486D0D68}.Release|x64.Build.0 = Release|Any CPU
		{A95EBB5F-D7CD-48D4-9624-F43A486D0D68}.Release|x86.ActiveCfg = Release|Any CPU
		{A95EBB5F-D7CD-48D4-9624-F43A486D0D68}.Release|x86.Build.0 = Release|Any CPU
		{6D361069-9CD4-44DA-914A-80A62458B04F}.Debug|Any CPU.ActiveCfg = Debug|Any CPU
		{6D361069-9CD4-44DA-914A-80A62458B04F}.Debug|Any CPU.Build.0 = Debug|Any CPU
		{6D361069-9CD4-44DA-914A-80A62458B04F}.Debug|x64.ActiveCfg = Debug|Any CPU
		{6D361069-9CD4-44DA-914A-80A62458B04F}.Debug|x64.Build.0 = Debug|Any CPU
		{6D361069-9CD4-44DA-914A-80A62458B04F}.Debug|x86.ActiveCfg = Debug|Any CPU
		{6D361069-9CD4-44DA-914A-80A62458B04F}.Debug|x86.Build.0 = Debug|Any CPU
		{6D361069-9CD4-44DA-914A-80A62458B04F}.Release|Any CPU.ActiveCfg = Release|Any CPU
		{6D361069-9CD4-44DA-914A-80A62458B04F}.Release|Any CPU.Build.0 = Release|Any CPU
		{6D361069-9CD4-44DA-914A-80A62458B04F}.Release|x64.ActiveCfg = Release|Any CPU
		{6D361069-9CD4-44DA-914A-80A62458B04F}.Release|x64.Build.0 = Release|Any CPU
		{6D361069-9CD4-44DA-914A-80A62458B04F}.Release|x86.ActiveCfg = Release|Any CPU
		{6D361069-9CD4-44DA-914A-80A62458B04F}.Release|x86.Build.0 = Release|Any CPU
		{531D5FD5-9C72-4F24-B9E7-E53CFBF20B57}.Debug|Any CPU.ActiveCfg = Debug|Any CPU
		{531D5FD5-9C72-4F24-B9E7-E53CFBF20B57}.Debug|Any CPU.Build.0 = Debug|Any CPU
		{531D5FD5-9C72-4F24-B9E7-E53CFBF20B57}.Debug|x64.ActiveCfg = Debug|Any CPU
		{531D5FD5-9C72-4F24-B9E7-E53CFBF20B57}.Debug|x64.Build.0 = Debug|Any CPU
		{531D5FD5-9C72-4F24-B9E7-E53CFBF20B57}.Debug|x86.ActiveCfg = Debug|Any CPU
		{531D5FD5-9C72-4F24-B9E7-E53CFBF20B57}.Debug|x86.Build.0 = Debug|Any CPU
		{531D5FD5-9C72-4F24-B9E7-E53CFBF20B57}.Release|Any CPU.ActiveCfg = Release|Any CPU
		{531D5FD5-9C72-4F24-B9E7-E53CFBF20B57}.Release|Any CPU.Build.0 = Release|Any CPU
		{531D5FD5-9C72-4F24-B9E7-E53CFBF20B57}.Release|x64.ActiveCfg = Release|Any CPU
		{531D5FD5-9C72-4F24-B9E7-E53CFBF20B57}.Release|x64.Build.0 = Release|Any CPU
		{531D5FD5-9C72-4F24-B9E7-E53CFBF20B57}.Release|x86.ActiveCfg = Release|Any CPU
		{531D5FD5-9C72-4F24-B9E7-E53CFBF20B57}.Release|x86.Build.0 = Release|Any CPU
		{66FEF33B-4FCB-41BC-B81F-DE20C02F95DB}.Debug|Any CPU.ActiveCfg = Debug|Any CPU
		{66FEF33B-4FCB-41BC-B81F-DE20C02F95DB}.Debug|Any CPU.Build.0 = Debug|Any CPU
		{66FEF33B-4FCB-41BC-B81F-DE20C02F95DB}.Debug|x64.ActiveCfg = Debug|Any CPU
		{66FEF33B-4FCB-41BC-B81F-DE20C02F95DB}.Debug|x64.Build.0 = Debug|Any CPU
		{66FEF33B-4FCB-41BC-B81F-DE20C02F95DB}.Debug|x86.ActiveCfg = Debug|Any CPU
		{66FEF33B-4FCB-41BC-B81F-DE20C02F95DB}.Debug|x86.Build.0 = Debug|Any CPU
		{66FEF33B-4FCB-41BC-B81F-DE20C02F95DB}.Release|Any CPU.ActiveCfg = Release|Any CPU
		{66FEF33B-4FCB-41BC-B81F-DE20C02F95DB}.Release|Any CPU.Build.0 = Release|Any CPU
		{66FEF33B-4FCB-41BC-B81F-DE20C02F95DB}.Release|x64.ActiveCfg = Release|Any CPU
		{66FEF33B-4FCB-41BC-B81F-DE20C02F95DB}.Release|x64.Build.0 = Release|Any CPU
		{66FEF33B-4FCB-41BC-B81F-DE20C02F95DB}.Release|x86.ActiveCfg = Release|Any CPU
		{66FEF33B-4FCB-41BC-B81F-DE20C02F95DB}.Release|x86.Build.0 = Release|Any CPU
		{B77F5B9B-2FF6-4A86-88B9-9C3BF9FF6427}.Debug|Any CPU.ActiveCfg = Debug|Any CPU
		{B77F5B9B-2FF6-4A86-88B9-9C3BF9FF6427}.Debug|Any CPU.Build.0 = Debug|Any CPU
		{B77F5B9B-2FF6-4A86-88B9-9C3BF9FF6427}.Debug|x64.ActiveCfg = Debug|Any CPU
		{B77F5B9B-2FF6-4A86-88B9-9C3BF9FF6427}.Debug|x64.Build.0 = Debug|Any CPU
		{B77F5B9B-2FF6-4A86-88B9-9C3BF9FF6427}.Debug|x86.ActiveCfg = Debug|Any CPU
		{B77F5B9B-2FF6-4A86-88B9-9C3BF9FF6427}.Debug|x86.Build.0 = Debug|Any CPU
		{B77F5B9B-2FF6-4A86-88B9-9C3BF9FF6427}.Release|Any CPU.ActiveCfg = Release|Any CPU
		{B77F5B9B-2FF6-4A86-88B9-9C3BF9FF6427}.Release|Any CPU.Build.0 = Release|Any CPU
		{B77F5B9B-2FF6-4A86-88B9-9C3BF9FF6427}.Release|x64.ActiveCfg = Release|Any CPU
		{B77F5B9B-2FF6-4A86-88B9-9C3BF9FF6427}.Release|x64.Build.0 = Release|Any CPU
		{B77F5B9B-2FF6-4A86-88B9-9C3BF9FF6427}.Release|x86.ActiveCfg = Release|Any CPU
		{B77F5B9B-2FF6-4A86-88B9-9C3BF9FF6427}.Release|x86.Build.0 = Release|Any CPU
		{8EF7A9C2-B6A0-422A-90B5-76CB2852225D}.Debug|Any CPU.ActiveCfg = Debug|Any CPU
		{8EF7A9C2-B6A0-422A-90B5-76CB2852225D}.Debug|Any CPU.Build.0 = Debug|Any CPU
		{8EF7A9C2-B6A0-422A-90B5-76CB2852225D}.Debug|x64.ActiveCfg = Debug|Any CPU
		{8EF7A9C2-B6A0-422A-90B5-76CB2852225D}.Debug|x64.Build.0 = Debug|Any CPU
		{8EF7A9C2-B6A0-422A-90B5-76CB2852225D}.Debug|x86.ActiveCfg = Debug|Any CPU
		{8EF7A9C2-B6A0-422A-90B5-76CB2852225D}.Debug|x86.Build.0 = Debug|Any CPU
		{8EF7A9C2-B6A0-422A-90B5-76CB2852225D}.Release|Any CPU.ActiveCfg = Release|Any CPU
		{8EF7A9C2-B6A0-422A-90B5-76CB2852225D}.Release|Any CPU.Build.0 = Release|Any CPU
		{8EF7A9C2-B6A0-422A-90B5-76CB2852225D}.Release|x64.ActiveCfg = Release|Any CPU
		{8EF7A9C2-B6A0-422A-90B5-76CB2852225D}.Release|x64.Build.0 = Release|Any CPU
		{8EF7A9C2-B6A0-422A-90B5-76CB2852225D}.Release|x86.ActiveCfg = Release|Any CPU
		{8EF7A9C2-B6A0-422A-90B5-76CB2852225D}.Release|x86.Build.0 = Release|Any CPU
		{1F89EB12-9052-46D8-A72E-2BA6E030D3BD}.Debug|Any CPU.ActiveCfg = Debug|Any CPU
		{1F89EB12-9052-46D8-A72E-2BA6E030D3BD}.Debug|Any CPU.Build.0 = Debug|Any CPU
		{1F89EB12-9052-46D8-A72E-2BA6E030D3BD}.Debug|x64.ActiveCfg = Debug|Any CPU
		{1F89EB12-9052-46D8-A72E-2BA6E030D3BD}.Debug|x64.Build.0 = Debug|Any CPU
		{1F89EB12-9052-46D8-A72E-2BA6E030D3BD}.Debug|x86.ActiveCfg = Debug|Any CPU
		{1F89EB12-9052-46D8-A72E-2BA6E030D3BD}.Debug|x86.Build.0 = Debug|Any CPU
		{1F89EB12-9052-46D8-A72E-2BA6E030D3BD}.Release|Any CPU.ActiveCfg = Release|Any CPU
		{1F89EB12-9052-46D8-A72E-2BA6E030D3BD}.Release|Any CPU.Build.0 = Release|Any CPU
		{1F89EB12-9052-46D8-A72E-2BA6E030D3BD}.Release|x64.ActiveCfg = Release|Any CPU
		{1F89EB12-9052-46D8-A72E-2BA6E030D3BD}.Release|x64.Build.0 = Release|Any CPU
		{1F89EB12-9052-46D8-A72E-2BA6E030D3BD}.Release|x86.ActiveCfg = Release|Any CPU
		{1F89EB12-9052-46D8-A72E-2BA6E030D3BD}.Release|x86.Build.0 = Release|Any CPU
		{AB12D1BD-26B1-406D-B741-74E2343B79B9}.Debug|Any CPU.ActiveCfg = Debug|Any CPU
		{AB12D1BD-26B1-406D-B741-74E2343B79B9}.Debug|Any CPU.Build.0 = Debug|Any CPU
		{AB12D1BD-26B1-406D-B741-74E2343B79B9}.Debug|x64.ActiveCfg = Debug|Any CPU
		{AB12D1BD-26B1-406D-B741-74E2343B79B9}.Debug|x64.Build.0 = Debug|Any CPU
		{AB12D1BD-26B1-406D-B741-74E2343B79B9}.Debug|x86.ActiveCfg = Debug|Any CPU
		{AB12D1BD-26B1-406D-B741-74E2343B79B9}.Debug|x86.Build.0 = Debug|Any CPU
		{AB12D1BD-26B1-406D-B741-74E2343B79B9}.Release|Any CPU.ActiveCfg = Release|Any CPU
		{AB12D1BD-26B1-406D-B741-74E2343B79B9}.Release|Any CPU.Build.0 = Release|Any CPU
		{AB12D1BD-26B1-406D-B741-74E2343B79B9}.Release|x64.ActiveCfg = Release|Any CPU
		{AB12D1BD-26B1-406D-B741-74E2343B79B9}.Release|x64.Build.0 = Release|Any CPU
		{AB12D1BD-26B1-406D-B741-74E2343B79B9}.Release|x86.ActiveCfg = Release|Any CPU
		{AB12D1BD-26B1-406D-B741-74E2343B79B9}.Release|x86.Build.0 = Release|Any CPU
		{94F12CA3-D544-4127-9C63-764AA4A29118}.Debug|Any CPU.ActiveCfg = Debug|Any CPU
		{94F12CA3-D544-4127-9C63-764AA4A29118}.Debug|Any CPU.Build.0 = Debug|Any CPU
		{94F12CA3-D544-4127-9C63-764AA4A29118}.Debug|x64.ActiveCfg = Debug|Any CPU
		{94F12CA3-D544-4127-9C63-764AA4A29118}.Debug|x64.Build.0 = Debug|Any CPU
		{94F12CA3-D544-4127-9C63-764AA4A29118}.Debug|x86.ActiveCfg = Debug|Any CPU
		{94F12CA3-D544-4127-9C63-764AA4A29118}.Debug|x86.Build.0 = Debug|Any CPU
		{94F12CA3-D544-4127-9C63-764AA4A29118}.Release|Any CPU.ActiveCfg = Release|Any CPU
		{94F12CA3-D544-4127-9C63-764AA4A29118}.Release|Any CPU.Build.0 = Release|Any CPU
		{94F12CA3-D544-4127-9C63-764AA4A29118}.Release|x64.ActiveCfg = Release|Any CPU
		{94F12CA3-D544-4127-9C63-764AA4A29118}.Release|x64.Build.0 = Release|Any CPU
		{94F12CA3-D544-4127-9C63-764AA4A29118}.Release|x86.ActiveCfg = Release|Any CPU
		{94F12CA3-D544-4127-9C63-764AA4A29118}.Release|x86.Build.0 = Release|Any CPU
		{F5E28637-9457-4B1D-9FED-F03A335804EA}.Debug|Any CPU.ActiveCfg = Debug|Any CPU
		{F5E28637-9457-4B1D-9FED-F03A335804EA}.Debug|Any CPU.Build.0 = Debug|Any CPU
		{F5E28637-9457-4B1D-9FED-F03A335804EA}.Debug|x64.ActiveCfg = Debug|Any CPU
		{F5E28637-9457-4B1D-9FED-F03A335804EA}.Debug|x64.Build.0 = Debug|Any CPU
		{F5E28637-9457-4B1D-9FED-F03A335804EA}.Debug|x86.ActiveCfg = Debug|Any CPU
		{F5E28637-9457-4B1D-9FED-F03A335804EA}.Debug|x86.Build.0 = Debug|Any CPU
		{F5E28637-9457-4B1D-9FED-F03A335804EA}.Release|Any CPU.ActiveCfg = Release|Any CPU
		{F5E28637-9457-4B1D-9FED-F03A335804EA}.Release|Any CPU.Build.0 = Release|Any CPU
		{F5E28637-9457-4B1D-9FED-F03A335804EA}.Release|x64.ActiveCfg = Release|Any CPU
		{F5E28637-9457-4B1D-9FED-F03A335804EA}.Release|x64.Build.0 = Release|Any CPU
		{F5E28637-9457-4B1D-9FED-F03A335804EA}.Release|x86.ActiveCfg = Release|Any CPU
		{F5E28637-9457-4B1D-9FED-F03A335804EA}.Release|x86.Build.0 = Release|Any CPU
		{C5444BD7-FE5F-4D4D-AD44-01817AF31822}.Debug|Any CPU.ActiveCfg = Debug|Any CPU
		{C5444BD7-FE5F-4D4D-AD44-01817AF31822}.Debug|Any CPU.Build.0 = Debug|Any CPU
		{C5444BD7-FE5F-4D4D-AD44-01817AF31822}.Debug|x64.ActiveCfg = Debug|Any CPU
		{C5444BD7-FE5F-4D4D-AD44-01817AF31822}.Debug|x64.Build.0 = Debug|Any CPU
		{C5444BD7-FE5F-4D4D-AD44-01817AF31822}.Debug|x86.ActiveCfg = Debug|Any CPU
		{C5444BD7-FE5F-4D4D-AD44-01817AF31822}.Debug|x86.Build.0 = Debug|Any CPU
		{C5444BD7-FE5F-4D4D-AD44-01817AF31822}.Release|Any CPU.ActiveCfg = Release|Any CPU
		{C5444BD7-FE5F-4D4D-AD44-01817AF31822}.Release|Any CPU.Build.0 = Release|Any CPU
		{C5444BD7-FE5F-4D4D-AD44-01817AF31822}.Release|x64.ActiveCfg = Release|Any CPU
		{C5444BD7-FE5F-4D4D-AD44-01817AF31822}.Release|x64.Build.0 = Release|Any CPU
		{C5444BD7-FE5F-4D4D-AD44-01817AF31822}.Release|x86.ActiveCfg = Release|Any CPU
		{C5444BD7-FE5F-4D4D-AD44-01817AF31822}.Release|x86.Build.0 = Release|Any CPU
		{98C86F53-F0F9-447B-AE47-C7EB5DF5BE24}.Debug|Any CPU.ActiveCfg = Debug|Any CPU
		{98C86F53-F0F9-447B-AE47-C7EB5DF5BE24}.Debug|Any CPU.Build.0 = Debug|Any CPU
		{98C86F53-F0F9-447B-AE47-C7EB5DF5BE24}.Debug|x64.ActiveCfg = Debug|Any CPU
		{98C86F53-F0F9-447B-AE47-C7EB5DF5BE24}.Debug|x64.Build.0 = Debug|Any CPU
		{98C86F53-F0F9-447B-AE47-C7EB5DF5BE24}.Debug|x86.ActiveCfg = Debug|Any CPU
		{98C86F53-F0F9-447B-AE47-C7EB5DF5BE24}.Debug|x86.Build.0 = Debug|Any CPU
		{98C86F53-F0F9-447B-AE47-C7EB5DF5BE24}.Release|Any CPU.ActiveCfg = Release|Any CPU
		{98C86F53-F0F9-447B-AE47-C7EB5DF5BE24}.Release|Any CPU.Build.0 = Release|Any CPU
		{98C86F53-F0F9-447B-AE47-C7EB5DF5BE24}.Release|x64.ActiveCfg = Release|Any CPU
		{98C86F53-F0F9-447B-AE47-C7EB5DF5BE24}.Release|x64.Build.0 = Release|Any CPU
		{98C86F53-F0F9-447B-AE47-C7EB5DF5BE24}.Release|x86.ActiveCfg = Release|Any CPU
		{98C86F53-F0F9-447B-AE47-C7EB5DF5BE24}.Release|x86.Build.0 = Release|Any CPU
	EndGlobalSection
	GlobalSection(SolutionProperties) = preSolution
		HideSolutionNode = FALSE
	EndGlobalSection
	GlobalSection(NestedProjects) = preSolution
		{75B2B837-B392-4DC1-8CF7-C1B2C4E03312} = {401E8BD4-C7D7-48F2-8899-EA9859247BD7}
		{898B0F90-3D05-4372-88F8-BB0B863D2970} = {CBE053F8-6853-4FFC-A931-84A210C5FF2C}
		{D365AF42-33A5-4FB3-96DB-692F2417C458} = {CBE053F8-6853-4FFC-A931-84A210C5FF2C}
		{F1830D31-AA1D-409B-B78E-FC2BB88B7DF8} = {401E8BD4-C7D7-48F2-8899-EA9859247BD7}
		{38F1AA50-B16E-47A7-925A-AB574E9120FF} = {CBE053F8-6853-4FFC-A931-84A210C5FF2C}
		{05F2BDCE-B093-4D4A-BC36-B7F6F12103AC} = {CBE053F8-6853-4FFC-A931-84A210C5FF2C}
		{A95EBB5F-D7CD-48D4-9624-F43A486D0D68} = {2A218F39-75C1-4EE1-8614-D67AB30574F0}
		{6D361069-9CD4-44DA-914A-80A62458B04F} = {2A218F39-75C1-4EE1-8614-D67AB30574F0}
		{2A218F39-75C1-4EE1-8614-D67AB30574F0} = {CBE053F8-6853-4FFC-A931-84A210C5FF2C}
		{531D5FD5-9C72-4F24-B9E7-E53CFBF20B57} = {2A218F39-75C1-4EE1-8614-D67AB30574F0}
		{66FEF33B-4FCB-41BC-B81F-DE20C02F95DB} = {2A218F39-75C1-4EE1-8614-D67AB30574F0}
		{B77F5B9B-2FF6-4A86-88B9-9C3BF9FF6427} = {2A218F39-75C1-4EE1-8614-D67AB30574F0}
		{8EF7A9C2-B6A0-422A-90B5-76CB2852225D} = {2A218F39-75C1-4EE1-8614-D67AB30574F0}
		{1F89EB12-9052-46D8-A72E-2BA6E030D3BD} = {2A218F39-75C1-4EE1-8614-D67AB30574F0}
		{AB12D1BD-26B1-406D-B741-74E2343B79B9} = {CBE053F8-6853-4FFC-A931-84A210C5FF2C}
		{94F12CA3-D544-4127-9C63-764AA4A29118} = {CBE053F8-6853-4FFC-A931-84A210C5FF2C}
		{F5E28637-9457-4B1D-9FED-F03A335804EA} = {401E8BD4-C7D7-48F2-8899-EA9859247BD7}
		{C5444BD7-FE5F-4D4D-AD44-01817AF31822} = {401E8BD4-C7D7-48F2-8899-EA9859247BD7}
		{98C86F53-F0F9-447B-AE47-C7EB5DF5BE24} = {401E8BD4-C7D7-48F2-8899-EA9859247BD7}
	EndGlobalSection
EndGlobal
